
Microsoft Visual Studio Solution File, Format Version 12.00
# Visual Studio 15
VisualStudioVersion = 15.0.26124.0
MinimumVisualStudioVersion = 15.0.26124.0
Project("{9A19103F-16F7-4668-BE54-9A1E7A4F7556}") = "WebAPI", "WebAPI\WebAPI.csproj", "{35C59357-6A93-4070-9B81-CCA5FC71E1A0}"
EndProject
Project("{9A19103F-16F7-4668-BE54-9A1E7A4F7556}") = "BusinessLayer", "BusinessLayer\BusinessLayer.csproj", "{FDDB0C36-3C1E-41F9-B71B-43B22C7554FF}"
EndProject
Project("{9A19103F-16F7-4668-BE54-9A1E7A4F7556}") = "DataLayer", "DataLayer\DataLayer.csproj", "{2C57E1FC-DDBF-4BF1-8056-DC05EF51053C}"
EndProject
Project("{FAE04EC0-301F-11D3-BF4B-00C04F79EFBC}") = "AuthAPI", "AuthAPI\AuthAPI.csproj", "{DECF50E0-C82C-489A-97AC-209DE888B162}"
EndProject
Project("{FAE04EC0-301F-11D3-BF4B-00C04F79EFBC}") = "CourseAPI", "CourseAPI\CourseAPI.csproj", "{427F6776-0079-49EF-96A9-4F1F52B6A62F}"
EndProject
Global
	GlobalSection(SolutionConfigurationPlatforms) = preSolution
		Debug|Any CPU = Debug|Any CPU
		Debug|x64 = Debug|x64
		Debug|x86 = Debug|x86
		Release|Any CPU = Release|Any CPU
		Release|x64 = Release|x64
		Release|x86 = Release|x86
	EndGlobalSection
	GlobalSection(ProjectConfigurationPlatforms) = postSolution
		{35C59357-6A93-4070-9B81-CCA5FC71E1A0}.Debug|Any CPU.ActiveCfg = Debug|Any CPU
		{35C59357-6A93-4070-9B81-CCA5FC71E1A0}.Debug|Any CPU.Build.0 = Debug|Any CPU
		{35C59357-6A93-4070-9B81-CCA5FC71E1A0}.Debug|x64.ActiveCfg = Debug|Any CPU
		{35C59357-6A93-4070-9B81-CCA5FC71E1A0}.Debug|x64.Build.0 = Debug|Any CPU
		{35C59357-6A93-4070-9B81-CCA5FC71E1A0}.Debug|x86.ActiveCfg = Debug|Any CPU
		{35C59357-6A93-4070-9B81-CCA5FC71E1A0}.Debug|x86.Build.0 = Debug|Any CPU
		{35C59357-6A93-4070-9B81-CCA5FC71E1A0}.Release|Any CPU.ActiveCfg = Release|Any CPU
		{35C59357-6A93-4070-9B81-CCA5FC71E1A0}.Release|Any CPU.Build.0 = Release|Any CPU
		{35C59357-6A93-4070-9B81-CCA5FC71E1A0}.Release|x64.ActiveCfg = Release|Any CPU
		{35C59357-6A93-4070-9B81-CCA5FC71E1A0}.Release|x64.Build.0 = Release|Any CPU
		{35C59357-6A93-4070-9B81-CCA5FC71E1A0}.Release|x86.ActiveCfg = Release|Any CPU
		{35C59357-6A93-4070-9B81-CCA5FC71E1A0}.Release|x86.Build.0 = Release|Any CPU
		{FDDB0C36-3C1E-41F9-B71B-43B22C7554FF}.Debug|Any CPU.ActiveCfg = Debug|Any CPU
		{FDDB0C36-3C1E-41F9-B71B-43B22C7554FF}.Debug|Any CPU.Build.0 = Debug|Any CPU
		{FDDB0C36-3C1E-41F9-B71B-43B22C7554FF}.Debug|x64.ActiveCfg = Debug|Any CPU
		{FDDB0C36-3C1E-41F9-B71B-43B22C7554FF}.Debug|x64.Build.0 = Debug|Any CPU
		{FDDB0C36-3C1E-41F9-B71B-43B22C7554FF}.Debug|x86.ActiveCfg = Debug|Any CPU
		{FDDB0C36-3C1E-41F9-B71B-43B22C7554FF}.Debug|x86.Build.0 = Debug|Any CPU
		{FDDB0C36-3C1E-41F9-B71B-43B22C7554FF}.Release|Any CPU.ActiveCfg = Release|Any CPU
		{FDDB0C36-3C1E-41F9-B71B-43B22C7554FF}.Release|Any CPU.Build.0 = Release|Any CPU
		{FDDB0C36-3C1E-41F9-B71B-43B22C7554FF}.Release|x64.ActiveCfg = Release|Any CPU
		{FDDB0C36-3C1E-41F9-B71B-43B22C7554FF}.Release|x64.Build.0 = Release|Any CPU
		{FDDB0C36-3C1E-41F9-B71B-43B22C7554FF}.Release|x86.ActiveCfg = Release|Any CPU
		{FDDB0C36-3C1E-41F9-B71B-43B22C7554FF}.Release|x86.Build.0 = Release|Any CPU
		{2C57E1FC-DDBF-4BF1-8056-DC05EF51053C}.Debug|Any CPU.ActiveCfg = Debug|Any CPU
		{2C57E1FC-DDBF-4BF1-8056-DC05EF51053C}.Debug|Any CPU.Build.0 = Debug|Any CPU
		{2C57E1FC-DDBF-4BF1-8056-DC05EF51053C}.Debug|x64.ActiveCfg = Debug|Any CPU
		{2C57E1FC-DDBF-4BF1-8056-DC05EF51053C}.Debug|x64.Build.0 = Debug|Any CPU
		{2C57E1FC-DDBF-4BF1-8056-DC05EF51053C}.Debug|x86.ActiveCfg = Debug|Any CPU
		{2C57E1FC-DDBF-4BF1-8056-DC05EF51053C}.Debug|x86.Build.0 = Debug|Any CPU
		{2C57E1FC-DDBF-4BF1-8056-DC05EF51053C}.Release|Any CPU.ActiveCfg = Release|Any CPU
		{2C57E1FC-DDBF-4BF1-8056-DC05EF51053C}.Release|Any CPU.Build.0 = Release|Any CPU
		{2C57E1FC-DDBF-4BF1-8056-DC05EF51053C}.Release|x64.ActiveCfg = Release|Any CPU
		{2C57E1FC-DDBF-4BF1-8056-DC05EF51053C}.Release|x64.Build.0 = Release|Any CPU
		{2C57E1FC-DDBF-4BF1-8056-DC05EF51053C}.Release|x86.ActiveCfg = Release|Any CPU
		{2C57E1FC-DDBF-4BF1-8056-DC05EF51053C}.Release|x86.Build.0 = Release|Any CPU
		{DECF50E0-C82C-489A-97AC-209DE888B162}.Debug|Any CPU.ActiveCfg = Debug|Any CPU
		{DECF50E0-C82C-489A-97AC-209DE888B162}.Debug|Any CPU.Build.0 = Debug|Any CPU
		{DECF50E0-C82C-489A-97AC-209DE888B162}.Debug|x64.ActiveCfg = Debug|Any CPU
		{DECF50E0-C82C-489A-97AC-209DE888B162}.Debug|x64.Build.0 = Debug|Any CPU
		{DECF50E0-C82C-489A-97AC-209DE888B162}.Debug|x86.ActiveCfg = Debug|Any CPU
		{DECF50E0-C82C-489A-97AC-209DE888B162}.Debug|x86.Build.0 = Debug|Any CPU
		{DECF50E0-C82C-489A-97AC-209DE888B162}.Release|Any CPU.ActiveCfg = Release|Any CPU
		{DECF50E0-C82C-489A-97AC-209DE888B162}.Release|Any CPU.Build.0 = Release|Any CPU
		{DECF50E0-C82C-489A-97AC-209DE888B162}.Release|x64.ActiveCfg = Release|Any CPU
		{DECF50E0-C82C-489A-97AC-209DE888B162}.Release|x64.Build.0 = Release|Any CPU
		{DECF50E0-C82C-489A-97AC-209DE888B162}.Release|x86.ActiveCfg = Release|Any CPU
		{DECF50E0-C82C-489A-97AC-209DE888B162}.Release|x86.Build.0 = Release|Any CPU
		{427F6776-0079-49EF-96A9-4F1F52B6A62F}.Debug|Any CPU.ActiveCfg = Debug|Any CPU
		{427F6776-0079-49EF-96A9-4F1F52B6A62F}.Debug|Any CPU.Build.0 = Debug|Any CPU
		{427F6776-0079-49EF-96A9-4F1F52B6A62F}.Debug|x64.ActiveCfg = Debug|Any CPU
		{427F6776-0079-49EF-96A9-4F1F52B6A62F}.Debug|x64.Build.0 = Debug|Any CPU
		{427F6776-0079-49EF-96A9-4F1F52B6A62F}.Debug|x86.ActiveCfg = Debug|Any CPU
		{427F6776-0079-49EF-96A9-4F1F52B6A62F}.Debug|x86.Build.0 = Debug|Any CPU
		{427F6776-0079-49EF-96A9-4F1F52B6A62F}.Release|Any CPU.ActiveCfg = Release|Any CPU
		{427F6776-0079-49EF-96A9-4F1F52B6A62F}.Release|Any CPU.Build.0 = Release|Any CPU
		{427F6776-0079-49EF-96A9-4F1F52B6A62F}.Release|x64.ActiveCfg = Release|Any CPU
		{427F6776-0079-49EF-96A9-4F1F52B6A62F}.Release|x64.Build.0 = Release|Any CPU
		{427F6776-0079-49EF-96A9-4F1F52B6A62F}.Release|x86.ActiveCfg = Release|Any CPU
		{427F6776-0079-49EF-96A9-4F1F52B6A62F}.Release|x86.Build.0 = Release|Any CPU
	EndGlobalSection
	GlobalSection(SolutionProperties) = preSolution
		HideSolutionNode = FALSE
	EndGlobalSection
	GlobalSection(ExtensibilityGlobals) = postSolution
		SolutionGuid = {C05290A8-6E93-4628-AC61-949DFDB78D5C}
	EndGlobalSection
EndGlobal
